
Microsoft Visual Studio Solution File, Format Version 12.00
# Visual Studio Version 17
VisualStudioVersion = 17.1.32319.34
MinimumVisualStudioVersion = 10.0.40219.1
Project("{9A19103F-16F7-4668-BE54-9A1E7A4F7556}") = "MockupServer.UI", "MockupServer.UI\MockupServer.UI.csproj", "{E6D5F370-F808-43DA-B8C5-868DC8EE8C9D}"
EndProject
Project("{9A19103F-16F7-4668-BE54-9A1E7A4F7556}") = "MockupServer", "MockupServer\MockupServer.csproj", "{9E89984B-BD2E-41C3-ABCF-75D2A710F495}"
EndProject
Project("{2150E333-8FDC-42A3-9474-1A3956D46DE8}") = "Solution", "Solution", "{0B98BAD0-C824-48EE-9498-1BB0872049A8}"
	ProjectSection(SolutionItems) = preProject
		readme.md = readme.md
	EndProjectSection
EndProject
Global
	GlobalSection(SolutionConfigurationPlatforms) = preSolution
		Debug|Any CPU = Debug|Any CPU
		Release|Any CPU = Release|Any CPU
	EndGlobalSection
	GlobalSection(ProjectConfigurationPlatforms) = postSolution
		{E6D5F370-F808-43DA-B8C5-868DC8EE8C9D}.Debug|Any CPU.ActiveCfg = Debug|Any CPU
		{E6D5F370-F808-43DA-B8C5-868DC8EE8C9D}.Debug|Any CPU.Build.0 = Debug|Any CPU
		{E6D5F370-F808-43DA-B8C5-868DC8EE8C9D}.Release|Any CPU.ActiveCfg = Release|Any CPU
		{E6D5F370-F808-43DA-B8C5-868DC8EE8C9D}.Release|Any CPU.Build.0 = Release|Any CPU
		{9E89984B-BD2E-41C3-ABCF-75D2A710F495}.Debug|Any CPU.ActiveCfg = Debug|Any CPU
		{9E89984B-BD2E-41C3-ABCF-75D2A710F495}.Debug|Any CPU.Build.0 = Debug|Any CPU
		{9E89984B-BD2E-41C3-ABCF-75D2A710F495}.Release|Any CPU.ActiveCfg = Release|Any CPU
		{9E89984B-BD2E-41C3-ABCF-75D2A710F495}.Release|Any CPU.Build.0 = Release|Any CPU
	EndGlobalSection
	GlobalSection(SolutionProperties) = preSolution
		HideSolutionNode = FALSE
	EndGlobalSection
	GlobalSection(ExtensibilityGlobals) = postSolution
		SolutionGuid = {C2B3F956-0C9D-4CC9-9C37-F74822CF6F30}
	EndGlobalSection
EndGlobal
